
Microsoft Visual Studio Solution File, Format Version 12.00
# Visual Studio Version 16
VisualStudioVersion = 16.0.30621.155
MinimumVisualStudioVersion = 10.0.40219.1
Project("{FAE04EC0-301F-11D3-BF4B-00C04F79EFBC}") = "AppView", "AppView\AppView.csproj", "{239D797E-A72E-471E-AF07-6160694BC6C6}"
EndProject
Project("{FAE04EC0-301F-11D3-BF4B-00C04F79EFBC}") = "AppModel", "AppModel\AppModel.csproj", "{97FF2747-42D0-4913-84CD-350E9CB99037}"
EndProject
Global
	GlobalSection(SolutionConfigurationPlatforms) = preSolution
		Debug|Any CPU = Debug|Any CPU
		Release|Any CPU = Release|Any CPU
	EndGlobalSection
	GlobalSection(ProjectConfigurationPlatforms) = postSolution
		{239D797E-A72E-471E-AF07-6160694BC6C6}.Debug|Any CPU.ActiveCfg = Debug|Any CPU
		{239D797E-A72E-471E-AF07-6160694BC6C6}.Debug|Any CPU.Build.0 = Debug|Any CPU
		{239D797E-A72E-471E-AF07-6160694BC6C6}.Release|Any CPU.ActiveCfg = Release|Any CPU
		{239D797E-A72E-471E-AF07-6160694BC6C6}.Release|Any CPU.Build.0 = Release|Any CPU
		{97FF2747-42D0-4913-84CD-350E9CB99037}.Debug|Any CPU.ActiveCfg = Debug|Any CPU
		{97FF2747-42D0-4913-84CD-350E9CB99037}.Debug|Any CPU.Build.0 = Debug|Any CPU
		{97FF2747-42D0-4913-84CD-350E9CB99037}.Release|Any CPU.ActiveCfg = Release|Any CPU
		{97FF2747-42D0-4913-84CD-350E9CB99037}.Release|Any CPU.Build.0 = Release|Any CPU
	EndGlobalSection
	GlobalSection(SolutionProperties) = preSolution
		HideSolutionNode = FALSE
	EndGlobalSection
	GlobalSection(ExtensibilityGlobals) = postSolution
		SolutionGuid = {438A1772-B3AB-4931-806B-DF7ED334A1DA}
	EndGlobalSection
EndGlobal
